
Microsoft Visual Studio Solution File, Format Version 12.00
# Visual Studio Version 16
VisualStudioVersion = 16.0.30503.244
MinimumVisualStudioVersion = 10.0.40219.1
Project("{FAE04EC0-301F-11D3-BF4B-00C04F79EFBC}") = "Pracs2", "Pracs2\Pracs2.csproj", "{BC9C69DF-8BB1-4382-99C7-56AC5CD571CB}"
EndProject
Global
	GlobalSection(SolutionConfigurationPlatforms) = preSolution
		Debug|Any CPU = Debug|Any CPU
		Release|Any CPU = Release|Any CPU
	EndGlobalSection
	GlobalSection(ProjectConfigurationPlatforms) = postSolution
		{BC9C69DF-8BB1-4382-99C7-56AC5CD571CB}.Debug|Any CPU.ActiveCfg = Debug|Any CPU
		{BC9C69DF-8BB1-4382-99C7-56AC5CD571CB}.Debug|Any CPU.Build.0 = Debug|Any CPU
		{BC9C69DF-8BB1-4382-99C7-56AC5CD571CB}.Release|Any CPU.ActiveCfg = Release|Any CPU
		{BC9C69DF-8BB1-4382-99C7-56AC5CD571CB}.Release|Any CPU.Build.0 = Release|Any CPU
	EndGlobalSection
	GlobalSection(SolutionProperties) = preSolution
		HideSolutionNode = FALSE
	EndGlobalSection
	GlobalSection(ExtensibilityGlobals) = postSolution
		SolutionGuid = {62900B43-47FA-4FBE-890D-985C223F48C3}
	EndGlobalSection
EndGlobal
